// !$*UTF8*$!
{
	archiveVersion = 1;
	classes = {
	};
	objectVersion = 77;
	objects = {

/* Begin PBXContainerItemProxy section */
		BE65E2E72D9B06280094FE8B /* PBXContainerItemProxy */ = {
			isa = PBXContainerItemProxy;
			containerPortal = BE65E2CE2D9B06260094FE8B /* Project object */;
			proxyType = 1;
			remoteGlobalIDString = BE65E2D52D9B06260094FE8B;
			remoteInfo = AcaAndamos;
		};
		BE65E2F12D9B06280094FE8B /* PBXContainerItemProxy */ = {
			isa = PBXContainerItemProxy;
			containerPortal = BE65E2CE2D9B06260094FE8B /* Project object */;
			proxyType = 1;
			remoteGlobalIDString = BE65E2D52D9B06260094FE8B;
			remoteInfo = AcaAndamos;
		};
/* End PBXContainerItemProxy section */

/* Begin PBXFileReference section */
		BE65E2D62D9B06260094FE8B /* AcaAndamos.app */ = {isa = PBXFileReference; explicitFileType = wrapper.application; includeInIndex = 0; path = AcaAndamos.app; sourceTree = BUILT_PRODUCTS_DIR; };
		BE65E2E62D9B06280094FE8B /* AcaAndamosTests.xctest */ = {isa = PBXFileReference; explicitFileType = wrapper.cfbundle; includeInIndex = 0; path = AcaAndamosTests.xctest; sourceTree = BUILT_PRODUCTS_DIR; };
		BE65E2F02D9B06280094FE8B /* AcaAndamosUITests.xctest */ = {isa = PBXFileReference; explicitFileType = wrapper.cfbundle; includeInIndex = 0; path = AcaAndamosUITests.xctest; sourceTree = BUILT_PRODUCTS_DIR; };
/* End PBXFileReference section */

/* Begin PBXFileSystemSynchronizedRootGroup section */
		BE65E2D82D9B06260094FE8B /* AcaAndamos */ = {
			isa = PBXFileSystemSynchronizedRootGroup;
			path = AcaAndamos;
			sourceTree = "<group>";
		};
		BE65E2E92D9B06280094FE8B /* AcaAndamosTests */ = {
			isa = PBXFileSystemSynchronizedRootGroup;
			path = AcaAndamosTests;
			sourceTree = "<group>";
		};
		BE65E2F32D9B06280094FE8B /* AcaAndamosUITests */ = {
			isa = PBXFileSystemSynchronizedRootGroup;
			path = AcaAndamosUITests;
			sourceTree = "<group>";
		};
/* End PBXFileSystemSynchronizedRootGroup section */

/* Begin PBXFrameworksBuildPhase section */
		BE65E2D32D9B06260094FE8B /* Frameworks */ = {
			isa = PBXFrameworksBuildPhase;
			buildActionMask = 2147483647;
			files = (
			);
			runOnlyForDeploymentPostprocessing = 0;
		};
		BE65E2E32D9B06280094FE8B /* Frameworks */ = {
			isa = PBXFrameworksBuildPhase;
			buildActionMask = 2147483647;
			files = (
			);
			runOnlyForDeploymentPostprocessing = 0;
		};
		BE65E2ED2D9B06280094FE8B /* Frameworks */ = {
			isa = PBXFrameworksBuildPhase;
			buildActionMask = 2147483647;
			files = (
			);
			runOnlyForDeploymentPostprocessing = 0;
		};
/* End PBXFrameworksBuildPhase section */

/* Begin PBXGroup section */
		BE65E2CD2D9B06260094FE8B = {
			isa = PBXGroup;
			children = (
				BE65E2D82D9B06260094FE8B /* AcaAndamos */,
				BE65E2E92D9B06280094FE8B /* AcaAndamosTests */,
				BE65E2F32D9B06280094FE8B /* AcaAndamosUITests */,
				BE65E2D72D9B06260094FE8B /* Products */,
			);
			sourceTree = "<group>";
		};
		BE65E2D72D9B06260094FE8B /* Products */ = {
			isa = PBXGroup;
			children = (
				BE65E2D62D9B06260094FE8B /* AcaAndamos.app */,
				BE65E2E62D9B06280094FE8B /* AcaAndamosTests.xctest */,
				BE65E2F02D9B06280094FE8B /* AcaAndamosUITests.xctest */,
			);
			name = Products;
			sourceTree = "<group>";
		};
/* End PBXGroup section */

/* Begin PBXNativeTarget section */
		BE65E2D52D9B06260094FE8B /* AcaAndamos */ = {
			isa = PBXNativeTarget;
			buildConfigurationList = BE65E2FA2D9B06280094FE8B /* Build configuration list for PBXNativeTarget "AcaAndamos" */;
			buildPhases = (
				BE65E2D22D9B06260094FE8B /* Sources */,
				BE65E2D32D9B06260094FE8B /* Frameworks */,
				BE65E2D42D9B06260094FE8B /* Resources */,
			);
			buildRules = (
			);
			dependencies = (
			);
			fileSystemSynchronizedGroups = (
				BE65E2D82D9B06260094FE8B /* AcaAndamos */,
			);
			name = AcaAndamos;
			packageProductDependencies = (
			);
			productName = AcaAndamos;
			productReference = BE65E2D62D9B06260094FE8B /* AcaAndamos.app */;
			productType = "com.apple.product-type.application";
		};
		BE65E2E52D9B06280094FE8B /* AcaAndamosTests */ = {
			isa = PBXNativeTarget;
			buildConfigurationList = BE65E2FD2D9B06280094FE8B /* Build configuration list for PBXNativeTarget "AcaAndamosTests" */;
			buildPhases = (
				BE65E2E22D9B06280094FE8B /* Sources */,
				BE65E2E32D9B06280094FE8B /* Frameworks */,
				BE65E2E42D9B06280094FE8B /* Resources */,
			);
			buildRules = (
			);
			dependencies = (
				BE65E2E82D9B06280094FE8B /* PBXTargetDependency */,
			);
			fileSystemSynchronizedGroups = (
				BE65E2E92D9B06280094FE8B /* AcaAndamosTests */,
			);
			name = AcaAndamosTests;
			packageProductDependencies = (
			);
			productName = AcaAndamosTests;
			productReference = BE65E2E62D9B06280094FE8B /* AcaAndamosTests.xctest */;
			productType = "com.apple.product-type.bundle.unit-test";
		};
		BE65E2EF2D9B06280094FE8B /* AcaAndamosUITests */ = {
			isa = PBXNativeTarget;
			buildConfigurationList = BE65E3002D9B06280094FE8B /* Build configuration list for PBXNativeTarget "AcaAndamosUITests" */;
			buildPhases = (
				BE65E2EC2D9B06280094FE8B /* Sources */,
				BE65E2ED2D9B06280094FE8B /* Frameworks */,
				BE65E2EE2D9B06280094FE8B /* Resources */,
			);
			buildRules = (
			);
			dependencies = (
				BE65E2F22D9B06280094FE8B /* PBXTargetDependency */,
			);
			fileSystemSynchronizedGroups = (
				BE65E2F32D9B06280094FE8B /* AcaAndamosUITests */,
			);
			name = AcaAndamosUITests;
			packageProductDependencies = (
			);
			productName = AcaAndamosUITests;
			productReference = BE65E2F02D9B06280094FE8B /* AcaAndamosUITests.xctest */;
			productType = "com.apple.product-type.bundle.ui-testing";
		};
/* End PBXNativeTarget section */

/* Begin PBXProject section */
		BE65E2CE2D9B06260094FE8B /* Project object */ = {
			isa = PBXProject;
			attributes = {
				BuildIndependentTargetsInParallel = 1;
				LastSwiftUpdateCheck = 1620;
				LastUpgradeCheck = 1620;
				TargetAttributes = {
					BE65E2D52D9B06260094FE8B = {
						CreatedOnToolsVersion = 16.2;
					};
					BE65E2E52D9B06280094FE8B = {
						CreatedOnToolsVersion = 16.2;
						TestTargetID = BE65E2D52D9B06260094FE8B;
					};
					BE65E2EF2D9B06280094FE8B = {
						CreatedOnToolsVersion = 16.2;
						TestTargetID = BE65E2D52D9B06260094FE8B;
					};
				};
			};
			buildConfigurationList = BE65E2D12D9B06260094FE8B /* Build configuration list for PBXProject "AcaAndamos" */;
			developmentRegion = en;
			hasScannedForEncodings = 0;
			knownRegions = (
				en,
				Base,
			);
			mainGroup = BE65E2CD2D9B06260094FE8B;
			minimizedProjectReferenceProxies = 1;
			packageReferences = (
				BE65E32E2D9B53410094FE8B /* XCRemoteSwiftPackageReference "swift-algorithms" */,
				BE65E32F2D9B54660094FE8B /* XCRemoteSwiftPackageReference "generative-ai-swift" */,
			);
			preferredProjectObjectVersion = 77;
			productRefGroup = BE65E2D72D9B06260094FE8B /* Products */;
			projectDirPath = "";
			projectRoot = "";
			targets = (
				BE65E2D52D9B06260094FE8B /* AcaAndamos */,
				BE65E2E52D9B06280094FE8B /* AcaAndamosTests */,
				BE65E2EF2D9B06280094FE8B /* AcaAndamosUITests */,
			);
		};
/* End PBXProject section */

/* Begin PBXResourcesBuildPhase section */
		BE65E2D42D9B06260094FE8B /* Resources */ = {
			isa = PBXResourcesBuildPhase;
			buildActionMask = 2147483647;
			files = (
			);
			runOnlyForDeploymentPostprocessing = 0;
		};
		BE65E2E42D9B06280094FE8B /* Resources */ = {
			isa = PBXResourcesBuildPhase;
			buildActionMask = 2147483647;
			files = (
			);
			runOnlyForDeploymentPostprocessing = 0;
		};
		BE65E2EE2D9B06280094FE8B /* Resources */ = {
			isa = PBXResourcesBuildPhase;
			buildActionMask = 2147483647;
			files = (
			);
			runOnlyForDeploymentPostprocessing = 0;
		};
/* End PBXResourcesBuildPhase section */

/* Begin PBXSourcesBuildPhase section */
		BE65E2D22D9B06260094FE8B /* Sources */ = {
			isa = PBXSourcesBuildPhase;
			buildActionMask = 2147483647;
			files = (
			);
			runOnlyForDeploymentPostprocessing = 0;
		};
		BE65E2E22D9B06280094FE8B /* Sources */ = {
			isa = PBXSourcesBuildPhase;
			buildActionMask = 2147483647;
			files = (
			);
			runOnlyForDeploymentPostprocessing = 0;
		};
		BE65E2EC2D9B06280094FE8B /* Sources */ = {
			isa = PBXSourcesBuildPhase;
			buildActionMask = 2147483647;
			files = (
			);
			runOnlyForDeploymentPostprocessing = 0;
		};
/* End PBXSourcesBuildPhase section */

/* Begin PBXTargetDependency section */
		BE65E2E82D9B06280094FE8B /* PBXTargetDependency */ = {
			isa = PBXTargetDependency;
			target = BE65E2D52D9B06260094FE8B /* AcaAndamos */;
			targetProxy = BE65E2E72D9B06280094FE8B /* PBXContainerItemProxy */;
		};
		BE65E2F22D9B06280094FE8B /* PBXTargetDependency */ = {
			isa = PBXTargetDependency;
			target = BE65E2D52D9B06260094FE8B /* AcaAndamos */;
			targetProxy = BE65E2F12D9B06280094FE8B /* PBXContainerItemProxy */;
		};
/* End PBXTargetDependency section */

/* Begin XCBuildConfiguration section */
		BE65E2F82D9B06280094FE8B /* Debug */ = {
			isa = XCBuildConfiguration;
			buildSettings = {
				ALWAYS_SEARCH_USER_PATHS = NO;
				ASSETCATALOG_COMPILER_GENERATE_SWIFT_ASSET_SYMBOL_EXTENSIONS = YES;
				CLANG_ANALYZER_NONNULL = YES;
				CLANG_ANALYZER_NUMBER_OBJECT_CONVERSION = YES_AGGRESSIVE;
				CLANG_CXX_LANGUAGE_STANDARD = "gnu++20";
				CLANG_ENABLE_MODULES = YES;
				CLANG_ENABLE_OBJC_ARC = YES;
				CLANG_ENABLE_OBJC_WEAK = YES;
				CLANG_WARN_BLOCK_CAPTURE_AUTORELEASING = YES;
				CLANG_WARN_BOOL_CONVERSION = YES;
				CLANG_WARN_COMMA = YES;
				CLANG_WARN_CONSTANT_CONVERSION = YES;
				CLANG_WARN_DEPRECATED_OBJC_IMPLEMENTATIONS = YES;
				CLANG_WARN_DIRECT_OBJC_ISA_USAGE = YES_ERROR;
				CLANG_WARN_DOCUMENTATION_COMMENTS = YES;
				CLANG_WARN_EMPTY_BODY = YES;
				CLANG_WARN_ENUM_CONVERSION = YES;
				CLANG_WARN_INFINITE_RECURSION = YES;
				CLANG_WARN_INT_CONVERSION = YES;
				CLANG_WARN_NON_LITERAL_NULL_CONVERSION = YES;
				CLANG_WARN_OBJC_IMPLICIT_RETAIN_SELF = YES;
				CLANG_WARN_OBJC_LITERAL_CONVERSION = YES;
				CLANG_WARN_OBJC_ROOT_CLASS = YES_ERROR;
				CLANG_WARN_QUOTED_INCLUDE_IN_FRAMEWORK_HEADER = YES;
				CLANG_WARN_RANGE_LOOP_ANALYSIS = YES;
				CLANG_WARN_STRICT_PROTOTYPES = YES;
				CLANG_WARN_SUSPICIOUS_MOVE = YES;
				CLANG_WARN_UNGUARDED_AVAILABILITY = YES_AGGRESSIVE;
				CLANG_WARN_UNREACHABLE_CODE = YES;
				CLANG_WARN__DUPLICATE_METHOD_MATCH = YES;
				COPY_PHASE_STRIP = NO;
				DEBUG_INFORMATION_FORMAT = dwarf;
				ENABLE_STRICT_OBJC_MSGSEND = YES;
				ENABLE_TESTABILITY = YES;
				ENABLE_USER_SCRIPT_SANDBOXING = YES;
				GCC_C_LANGUAGE_STANDARD = gnu17;
				GCC_DYNAMIC_NO_PIC = NO;
				GCC_NO_COMMON_BLOCKS = YES;
				GCC_OPTIMIZATION_LEVEL = 0;
				GCC_PREPROCESSOR_DEFINITIONS = (
					"DEBUG=1",
					"$(inherited)",
				);
				GCC_WARN_64_TO_32_BIT_CONVERSION = YES;
				GCC_WARN_ABOUT_RETURN_TYPE = YES_ERROR;
				GCC_WARN_UNDECLARED_SELECTOR = YES;
				GCC_WARN_UNINITIALIZED_AUTOS = YES_AGGRESSIVE;
				GCC_WARN_UNUSED_FUNCTION = YES;
				GCC_WARN_UNUSED_VARIABLE = YES;
				IPHONEOS_DEPLOYMENT_TARGET = 18.2;
				LOCALIZATION_PREFERS_STRING_CATALOGS = YES;
				MTL_ENABLE_DEBUG_INFO = INCLUDE_SOURCE;
				MTL_FAST_MATH = YES;
				ONLY_ACTIVE_ARCH = YES;
				SDKROOT = iphoneos;
				SWIFT_ACTIVE_COMPILATION_CONDITIONS = "DEBUG $(inherited)";
				SWIFT_OPTIMIZATION_LEVEL = "-Onone";
			};
			name = Debug;
		};
		BE65E2F92D9B06280094FE8B /* Release */ = {
			isa = XCBuildConfiguration;
			buildSettings = {
				ALWAYS_SEARCH_USER_PATHS = NO;
				ASSETCATALOG_COMPILER_GENERATE_SWIFT_ASSET_SYMBOL_EXTENSIONS = YES;
				CLANG_ANALYZER_NONNULL = YES;
				CLANG_ANALYZER_NUMBER_OBJECT_CONVERSION = YES_AGGRESSIVE;
				CLANG_CXX_LANGUAGE_STANDARD = "gnu++20";
				CLANG_ENABLE_MODULES = YES;
				CLANG_ENABLE_OBJC_ARC = YES;
				CLANG_ENABLE_OBJC_WEAK = YES;
				CLANG_WARN_BLOCK_CAPTURE_AUTORELEASING = YES;
				CLANG_WARN_BOOL_CONVERSION = YES;
				CLANG_WARN_COMMA = YES;
				CLANG_WARN_CONSTANT_CONVERSION = YES;
				CLANG_WARN_DEPRECATED_OBJC_IMPLEMENTATIONS = YES;
				CLANG_WARN_DIRECT_OBJC_ISA_USAGE = YES_ERROR;
				CLANG_WARN_DOCUMENTATION_COMMENTS = YES;
				CLANG_WARN_EMPTY_BODY = YES;
				CLANG_WARN_ENUM_CONVERSION = YES;
				CLANG_WARN_INFINITE_RECURSION = YES;
				CLANG_WARN_INT_CONVERSION = YES;
				CLANG_WARN_NON_LITERAL_NULL_CONVERSION = YES;
				CLANG_WARN_OBJC_IMPLICIT_RETAIN_SELF = YES;
				CLANG_WARN_OBJC_LITERAL_CONVERSION = YES;
				CLANG_WARN_OBJC_ROOT_CLASS = YES_ERROR;
				CLANG_WARN_QUOTED_INCLUDE_IN_FRAMEWORK_HEADER = YES;
				CLANG_WARN_RANGE_LOOP_ANALYSIS = YES;
				CLANG_WARN_STRICT_PROTOTYPES = YES;
				CLANG_WARN_SUSPICIOUS_MOVE = YES;
				CLANG_WARN_UNGUARDED_AVAILABILITY = YES_AGGRESSIVE;
				CLANG_WARN_UNREACHABLE_CODE = YES;
				CLANG_WARN__DUPLICATE_METHOD_MATCH = YES;
				COPY_PHASE_STRIP = NO;
				DEBUG_INFORMATION_FORMAT = "dwarf-with-dsym";
				ENABLE_NS_ASSERTIONS = NO;
				ENABLE_STRICT_OBJC_MSGSEND = YES;
				ENABLE_USER_SCRIPT_SANDBOXING = YES;
				GCC_C_LANGUAGE_STANDARD = gnu17;
				GCC_NO_COMMON_BLOCKS = YES;
				GCC_WARN_64_TO_32_BIT_CONVERSION = YES;
				GCC_WARN_ABOUT_RETURN_TYPE = YES_ERROR;
				GCC_WARN_UNDECLARED_SELECTOR = YES;
				GCC_WARN_UNINITIALIZED_AUTOS = YES_AGGRESSIVE;
				GCC_WARN_UNUSED_FUNCTION = YES;
				GCC_WARN_UNUSED_VARIABLE = YES;
				IPHONEOS_DEPLOYMENT_TARGET = 18.2;
				LOCALIZATION_PREFERS_STRING_CATALOGS = YES;
				MTL_ENABLE_DEBUG_INFO = NO;
				MTL_FAST_MATH = YES;
				SDKROOT = iphoneos;
				SWIFT_COMPILATION_MODE = wholemodule;
				VALIDATE_PRODUCT = YES;
			};
			name = Release;
		};
		BE65E2FB2D9B06280094FE8B /* Debug */ = {
			isa = XCBuildConfiguration;
			buildSettings = {
				ASSETCATALOG_COMPILER_APPICON_NAME = AppIcon;
				ASSETCATALOG_COMPILER_GLOBAL_ACCENT_COLOR_NAME = AccentColor;
				CODE_SIGN_IDENTITY = "Apple Development";
				CODE_SIGN_STYLE = Manual;
				CURRENT_PROJECT_VERSION = 1;
				DEVELOPMENT_ASSET_PATHS = "\"AcaAndamos/Preview Content\"";
				DEVELOPMENT_TEAM = "";
				ENABLE_PREVIEWS = YES;
				GENERATE_INFOPLIST_FILE = YES;
				INFOPLIST_KEY_UIApplicationSceneManifest_Generation = YES;
				INFOPLIST_KEY_UIApplicationSupportsIndirectInputEvents = YES;
				INFOPLIST_KEY_UILaunchScreen_Generation = YES;
				INFOPLIST_KEY_UISupportedInterfaceOrientations_iPad = "UIInterfaceOrientationPortrait UIInterfaceOrientationPortraitUpsideDown UIInterfaceOrientationLandscapeLeft UIInterfaceOrientationLandscapeRight";
				INFOPLIST_KEY_UISupportedInterfaceOrientations_iPhone = "UIInterfaceOrientationPortrait UIInterfaceOrientationLandscapeLeft UIInterfaceOrientationLandscapeRight";
				LD_RUNPATH_SEARCH_PATHS = (
					"$(inherited)",
					"@executable_path/Frameworks",
				);
				MARKETING_VERSION = 1.0;
				PRODUCT_BUNDLE_IDENTIFIER = edu.org.AcaAndamos;
				PRODUCT_NAME = "$(TARGET_NAME)";
				PROVISIONING_PROFILE_SPECIFIER = "";
				SWIFT_EMIT_LOC_STRINGS = YES;
				SWIFT_VERSION = 5.0;
				TARGETED_DEVICE_FAMILY = "1,2";
			};
			name = Debug;
		};
		BE65E2FC2D9B06280094FE8B /* Release */ = {
			isa = XCBuildConfiguration;
			buildSettings = {
				ASSETCATALOG_COMPILER_APPICON_NAME = AppIcon;
				ASSETCATALOG_COMPILER_GLOBAL_ACCENT_COLOR_NAME = AccentColor;
				CODE_SIGN_IDENTITY = "Apple Development";
				CODE_SIGN_STYLE = Manual;
				CURRENT_PROJECT_VERSION = 1;
				DEVELOPMENT_ASSET_PATHS = "\"AcaAndamos/Preview Content\"";
				DEVELOPMENT_TEAM = "";
				ENABLE_PREVIEWS = YES;
				GENERATE_INFOPLIST_FILE = YES;
				INFOPLIST_KEY_UIApplicationSceneManifest_Generation = YES;
				INFOPLIST_KEY_UIApplicationSupportsIndirectInputEvents = YES;
				INFOPLIST_KEY_UILaunchScreen_Generation = YES;
				INFOPLIST_KEY_UISupportedInterfaceOrientations_iPad = "UIInterfaceOrientationPortrait UIInterfaceOrientationPortraitUpsideDown UIInterfaceOrientationLandscapeLeft UIInterfaceOrientationLandscapeRight";
				INFOPLIST_KEY_UISupportedInterfaceOrientations_iPhone = "UIInterfaceOrientationPortrait UIInterfaceOrientationLandscapeLeft UIInterfaceOrientationLandscapeRight";
				LD_RUNPATH_SEARCH_PATHS = (
					"$(inherited)",
					"@executable_path/Frameworks",
				);
				MARKETING_VERSION = 1.0;
				PRODUCT_BUNDLE_IDENTIFIER = edu.org.AcaAndamos;
				PRODUCT_NAME = "$(TARGET_NAME)";
				PROVISIONING_PROFILE_SPECIFIER = "";
				SWIFT_EMIT_LOC_STRINGS = YES;
				SWIFT_VERSION = 5.0;
				TARGETED_DEVICE_FAMILY = "1,2";
			};
			name = Release;
		};
		BE65E2FE2D9B06280094FE8B /* Debug */ = {
			isa = XCBuildConfiguration;
			buildSettings = {
				BUNDLE_LOADER = "$(TEST_HOST)";
				CODE_SIGN_STYLE = Automatic;
				CURRENT_PROJECT_VERSION = 1;
				GENERATE_INFOPLIST_FILE = YES;
				IPHONEOS_DEPLOYMENT_TARGET = 18.2;
				MARKETING_VERSION = 1.0;
				PRODUCT_BUNDLE_IDENTIFIER = edu.org.AcaAndamosTests;
				PRODUCT_NAME = "$(TARGET_NAME)";
				SWIFT_EMIT_LOC_STRINGS = NO;
				SWIFT_VERSION = 5.0;
				TARGETED_DEVICE_FAMILY = "1,2";
				TEST_HOST = "$(BUILT_PRODUCTS_DIR)/AcaAndamos.app/$(BUNDLE_EXECUTABLE_FOLDER_PATH)/AcaAndamos";
			};
			name = Debug;
		};
		BE65E2FF2D9B06280094FE8B /* Release */ = {
			isa = XCBuildConfiguration;
			buildSettings = {
				BUNDLE_LOADER = "$(TEST_HOST)";
				CODE_SIGN_STYLE = Automatic;
				CURRENT_PROJECT_VERSION = 1;
				GENERATE_INFOPLIST_FILE = YES;
				IPHONEOS_DEPLOYMENT_TARGET = 18.2;
				MARKETING_VERSION = 1.0;
				PRODUCT_BUNDLE_IDENTIFIER = edu.org.AcaAndamosTests;
				PRODUCT_NAME = "$(TARGET_NAME)";
				SWIFT_EMIT_LOC_STRINGS = NO;
				SWIFT_VERSION = 5.0;
				TARGETED_DEVICE_FAMILY = "1,2";
				TEST_HOST = "$(BUILT_PRODUCTS_DIR)/AcaAndamos.app/$(BUNDLE_EXECUTABLE_FOLDER_PATH)/AcaAndamos";
			};
			name = Release;
		};
		BE65E3012D9B06280094FE8B /* Debug */ = {
			isa = XCBuildConfiguration;
			buildSettings = {
				CODE_SIGN_STYLE = Automatic;
				CURRENT_PROJECT_VERSION = 1;
				GENERATE_INFOPLIST_FILE = YES;
				MARKETING_VERSION = 1.0;
				PRODUCT_BUNDLE_IDENTIFIER = edu.org.AcaAndamosUITests;
				PRODUCT_NAME = "$(TARGET_NAME)";
				SWIFT_EMIT_LOC_STRINGS = NO;
				SWIFT_VERSION = 5.0;
				TARGETED_DEVICE_FAMILY = "1,2";
				TEST_TARGET_NAME = AcaAndamos;
			};
			name = Debug;
		};
		BE65E3022D9B06280094FE8B /* Release */ = {
			isa = XCBuildConfiguration;
			buildSettings = {
				CODE_SIGN_STYLE = Automatic;
				CURRENT_PROJECT_VERSION = 1;
				GENERATE_INFOPLIST_FILE = YES;
				MARKETING_VERSION = 1.0;
				PRODUCT_BUNDLE_IDENTIFIER = edu.org.AcaAndamosUITests;
				PRODUCT_NAME = "$(TARGET_NAME)";
				SWIFT_EMIT_LOC_STRINGS = NO;
				SWIFT_VERSION = 5.0;
				TARGETED_DEVICE_FAMILY = "1,2";
				TEST_TARGET_NAME = AcaAndamos;
			};
			name = Release;
		};
/* End XCBuildConfiguration section */

/* Begin XCConfigurationList section */
		BE65E2D12D9B06260094FE8B /* Build configuration list for PBXProject "AcaAndamos" */ = {
			isa = XCConfigurationList;
			buildConfigurations = (
				BE65E2F82D9B06280094FE8B /* Debug */,
				BE65E2F92D9B06280094FE8B /* Release */,
			);
			defaultConfigurationIsVisible = 0;
			defaultConfigurationName = Release;
		};
		BE65E2FA2D9B06280094FE8B /* Build configuration list for PBXNativeTarget "AcaAndamos" */ = {
			isa = XCConfigurationList;
			buildConfigurations = (
				BE65E2FB2D9B06280094FE8B /* Debug */,
				BE65E2FC2D9B06280094FE8B /* Release */,
			);
			defaultConfigurationIsVisible = 0;
			defaultConfigurationName = Release;
		};
		BE65E2FD2D9B06280094FE8B /* Build configuration list for PBXNativeTarget "AcaAndamosTests" */ = {
			isa = XCConfigurationList;
			buildConfigurations = (
				BE65E2FE2D9B06280094FE8B /* Debug */,
				BE65E2FF2D9B06280094FE8B /* Release */,
			);
			defaultConfigurationIsVisible = 0;
			defaultConfigurationName = Release;
		};
		BE65E3002D9B06280094FE8B /* Build configuration list for PBXNativeTarget "AcaAndamosUITests" */ = {
			isa = XCConfigurationList;
			buildConfigurations = (
				BE65E3012D9B06280094FE8B /* Debug */,
				BE65E3022D9B06280094FE8B /* Release */,
			);
			defaultConfigurationIsVisible = 0;
			defaultConfigurationName = Release;
		};
/* End XCConfigurationList section */

/* Begin XCRemoteSwiftPackageReference section */
		BE65E32E2D9B53410094FE8B /* XCRemoteSwiftPackageReference "swift-algorithms" */ = {
			isa = XCRemoteSwiftPackageReference;
			repositoryURL = "https://github.com/apple/swift-algorithms.git";
			requirement = {
				kind = upToNextMajorVersion;
				minimumVersion = 1.2.1;
			};
		};
		BE65E32F2D9B54660094FE8B /* XCRemoteSwiftPackageReference "generative-ai-swift" */ = {
			isa = XCRemoteSwiftPackageReference;
			repositoryURL = "https://github.com/google/generative-ai-swift";
			requirement = {
				kind = upToNextMajorVersion;
				minimumVersion = 0.5.6;
			};
		};
/* End XCRemoteSwiftPackageReference section */
	};
	rootObject = BE65E2CE2D9B06260094FE8B /* Project object */;
}
